{
  "name": "skill-bee-assgn",
  "version": "1.0.0",
  "lockfileVersion": 3,
  "requires": true,
  "packages": {
    "": {
      "name": "skill-bee-assgn",
      "version": "1.0.0",
      "license": "ISC",
      "dependencies": {
        "eta": "^3.0.3"
      }
    },
    "node_modules/eta": {
      "version": "3.0.3",
      "resolved": "https://registry.npmjs.org/eta/-/eta-3.0.3.tgz",
      "integrity": "sha512-92A9Ag87aSb/y7e9EwA17VsbV1t2NmZNVlxtwHIkQcxYq20Ch7aAVNJqb5w6bsJVXRsBdvzn6R8WDPCHI9ewdA==",
      "engines": {
        "node": ">=6.0.0"
      },
      "funding": {
        "url": "https://github.com/eta-dev/eta?sponsor=1"
      }
    }
  }
}
